{
  "name": "testbilal",
  "version": "1.0.0",
  "lockfileVersion": 1,
  "requires": true,
  "dependencies": {
    "@bilal.arshad/bilal23": {
      "version": "1.0.1",
      "resolved": "https://registry.npmjs.org/@bilal.arshad/bilal23/-/bilal23-1.0.1.tgz",
      "integrity": "sha512-+EMjcFwB+WtB1emca1IV0U8btA+IEVvbOqucopTyUO41Np9ZFjglgLMLEQlS1PJ+1Pscs4J178Q/dK3GCLCrpQ==",
      "requires": {
        "@types/node": "^16.4.1"
      }
    },
    "@bilal.arshad/bilal2307": {
      "version": "1.0.1",
      "resolved": "https://registry.npmjs.org/@bilal.arshad/bilal2307/-/bilal2307-1.0.1.tgz",
      "integrity": "sha512-B3YWoTFeNineLoNQwXubbrPjaUn9waR2fGnT/IRn/y5MqObPIGidZGZAGaYlkv/OXm4yNSWKgfDkZ2eORiJ2Xw==",
      "requires": {
        "@types/node": "^16.4.1"
      }
    },
    "@types/node": {
      "version": "16.4.1",
      "resolved": "https://registry.npmjs.org/@types/node/-/node-16.4.1.tgz",
      "integrity": "sha512-UW7cbLqf/Wu5XH2RKKY1cHwUNLicIDRLMraYKz+HHAerJ0ZffUEk+fMnd8qU2JaS6cAy0r8tsaf7yqHASf/Y0Q=="
    }
  }
}
